
Microsoft Visual Studio Solution File, Format Version 12.00
# Visual Studio Version 17
VisualStudioVersion = 17.6.33723.286
MinimumVisualStudioVersion = 10.0.40219.1
Project("{888888A0-9F3D-457C-B088-3A5042F75D52}") = "InformationRetrival", "InformationRetrival.pyproj", "{9E583497-3B3F-489B-809B-452077A693F8}"
EndProject
Global
	GlobalSection(SolutionConfigurationPlatforms) = preSolution
		Debug|Any CPU = Debug|Any CPU
		Release|Any CPU = Release|Any CPU
	EndGlobalSection
	GlobalSection(ProjectConfigurationPlatforms) = postSolution
		{9E583497-3B3F-489B-809B-452077A693F8}.Debug|Any CPU.ActiveCfg = Debug|Any CPU
		{9E583497-3B3F-489B-809B-452077A693F8}.Release|Any CPU.ActiveCfg = Release|Any CPU
	EndGlobalSection
	GlobalSection(SolutionProperties) = preSolution
		HideSolutionNode = FALSE
	EndGlobalSection
	GlobalSection(ExtensibilityGlobals) = postSolution
		SolutionGuid = {14423CB8-24DF-40AE-B86D-1862D74D1E87}
	EndGlobalSection
EndGlobal
